
Microsoft Visual Studio Solution File, Format Version 12.00
# Visual Studio 2012
Project("{FAE04EC0-301F-11D3-BF4B-00C04F79EFBC}") = "TemperatureConverter", "TemperatureConverter\TemperatureConverter.csproj", "{6739EE42-651B-4D21-94BB-1EA8F75EDEBA}"
EndProject
Global
	GlobalSection(SolutionConfigurationPlatforms) = preSolution
		Debug|Any CPU = Debug|Any CPU
		Release|Any CPU = Release|Any CPU
	EndGlobalSection
	GlobalSection(ProjectConfigurationPlatforms) = postSolution
		{6739EE42-651B-4D21-94BB-1EA8F75EDEBA}.Debug|Any CPU.ActiveCfg = Debug|Any CPU
		{6739EE42-651B-4D21-94BB-1EA8F75EDEBA}.Debug|Any CPU.Build.0 = Debug|Any CPU
		{6739EE42-651B-4D21-94BB-1EA8F75EDEBA}.Release|Any CPU.ActiveCfg = Release|Any CPU
		{6739EE42-651B-4D21-94BB-1EA8F75EDEBA}.Release|Any CPU.Build.0 = Release|Any CPU
	EndGlobalSection
	GlobalSection(SolutionProperties) = preSolution
		HideSolutionNode = FALSE
	EndGlobalSection
EndGlobal
